Microsoft Visual Studio Solution File, Format Version 12.00
# Visual Studio Version 17
VisualStudioVersion = 17.0.31903.59
MinimumVisualStudioVersion = 10.0.40219.1
Project("{FAE04EC0-301F-11D3-BF4B-00C04F79EFBC}") = "ExamRunner.Api", "src\ExamRunner.Api\ExamRunner.Api.csproj", "{8B4F8568-4863-4463-97CE-91A75F4E94AE}"
EndProject
Project("{FAE04EC0-301F-11D3-BF4B-00C04F79EFBC}") = "ExamRunner.Infrastructure", "src\ExamRunner.Infrastructure\ExamRunner.Infrastructure.csproj", "{D0A2AF4F-DB14-4CA5-BFD0-791069A53D88}"
EndProject
Project("{FAE04EC0-301F-11D3-BF4B-00C04F79EFBC}") = "ExamRunner.Application", "src\ExamRunner.Application\ExamRunner.Application.csproj", "{A1B7A8D5-8EAA-4EE0-95EF-2E1C08D0E6D1}"
EndProject
Project("{FAE04EC0-301F-11D3-BF4B-00C04F79EFBC}") = "ExamRunner.Domain", "src\ExamRunner.Domain\ExamRunner.Domain.csproj", "{609FEA62-9C1D-4ABD-A1AF-8F83B0B3E77E}"
EndProject
Project("{FAE04EC0-301F-11D3-BF4B-00C04F79EFBC}") = "ExamRunner.UnitTests", "tests\ExamRunner.UnitTests\ExamRunner.UnitTests.csproj", "{57AC8706-71FA-40F7-BF40-CEE2D8498EEF}"
EndProject
Global
	GlobalSection(SolutionConfigurationPlatforms) = preSolution
		Debug|Any CPU = Debug|Any CPU
		Release|Any CPU = Release|Any CPU
	EndGlobalSection
	GlobalSection(ProjectConfigurationPlatforms) = postSolution
		{8B4F8568-4863-4463-97CE-91A75F4E94AE}.Debug|Any CPU.ActiveCfg = Debug|Any CPU
		{8B4F8568-4863-4463-97CE-91A75F4E94AE}.Debug|Any CPU.Build.0 = Debug|Any CPU
		{8B4F8568-4863-4463-97CE-91A75F4E94AE}.Release|Any CPU.ActiveCfg = Release|Any CPU
		{8B4F8568-4863-4463-97CE-91A75F4E94AE}.Release|Any CPU.Build.0 = Release|Any CPU
		{D0A2AF4F-DB14-4CA5-BFD0-791069A53D88}.Debug|Any CPU.ActiveCfg = Debug|Any CPU
		{D0A2AF4F-DB14-4CA5-BFD0-791069A53D88}.Debug|Any CPU.Build.0 = Debug|Any CPU
		{D0A2AF4F-DB14-4CA5-BFD0-791069A53D88}.Release|Any CPU.ActiveCfg = Release|Any CPU
		{D0A2AF4F-DB14-4CA5-BFD0-791069A53D88}.Release|Any CPU.Build.0 = Release|Any CPU

		{A1B7A8D5-8EAA-4EE0-95EF-2E1C08D0E6D1}.Debug|Any CPU.ActiveCfg = Debug|Any CPU
		{A1B7A8D5-8EAA-4EE0-95EF-2E1C08D0E6D1}.Debug|Any CPU.Build.0 = Debug|Any CPU
		{A1B7A8D5-8EAA-4EE0-95EF-2E1C08D0E6D1}.Release|Any CPU.ActiveCfg = Release|Any CPU
		{A1B7A8D5-8EAA-4EE0-95EF-2E1C08D0E6D1}.Release|Any CPU.Build.0 = Release|Any CPU
		{609FEA62-9C1D-4ABD-A1AF-8F83B0B3E77E}.Debug|Any CPU.ActiveCfg = Debug|Any CPU
		{609FEA62-9C1D-4ABD-A1AF-8F83B0B3E77E}.Debug|Any CPU.Build.0 = Debug|Any CPU
		{609FEA62-9C1D-4ABD-A1AF-8F83B0B3E77E}.Release|Any CPU.ActiveCfg = Release|Any CPU
		{609FEA62-9C1D-4ABD-A1AF-8F83B0B3E77E}.Release|Any CPU.Build.0 = Release|Any CPU
		{57AC8706-71FA-40F7-BF40-CEE2D8498EEF}.Debug|Any CPU.ActiveCfg = Debug|Any CPU
		{57AC8706-71FA-40F7-BF40-CEE2D8498EEF}.Debug|Any CPU.Build.0 = Debug|Any CPU
		{57AC8706-71FA-40F7-BF40-CEE2D8498EEF}.Release|Any CPU.ActiveCfg = Release|Any CPU
		{57AC8706-71FA-40F7-BF40-CEE2D8498EEF}.Release|Any CPU.Build.0 = Release|Any CPU
	EndGlobalSection
	GlobalSection(SolutionProperties) = preSolution
		HideSolutionNode = FALSE
	EndGlobalSection
EndGlobal
